// !$*UTF8*$!
{
	archiveVersion = 1;
	classes = {
	};
	objectVersion = 56;
	objects = {

/* Begin PBXBuildFile section */
		14E2A1652C2B0AE500952E1B /* CarModelRecognitionApp.swift in Sources */ = {isa = PBXBuildFile; fileRef = 14E2A1642C2B0AE500952E1B /* CarModelRecognitionApp.swift */; };
		14E2A1672C2B0AE500952E1B /* ContentView.swift in Sources */ = {isa = PBXBuildFile; fileRef = 14E2A1662C2B0AE500952E1B /* ContentView.swift */; };
		14E2A1692C2B0AE700952E1B /* Assets.xcassets in Resources */ = {isa = PBXBuildFile; fileRef = 14E2A1682C2B0AE700952E1B /* Assets.xcassets */; };
		14E2A16C2C2B0AE700952E1B /* Preview Assets.xcassets in Resources */ = {isa = PBXBuildFile; fileRef = 14E2A16B2C2B0AE700952E1B /* Preview Assets.xcassets */; };
		14E2A1762C2B0AE700952E1B /* CarModelRecognitionTests.swift in Sources */ = {isa = PBXBuildFile; fileRef = 14E2A1752C2B0AE700952E1B /* CarModelRecognitionTests.swift */; };
		14E2A1802C2B0AE700952E1B /* CarModelRecognitionUITests.swift in Sources */ = {isa = PBXBuildFile; fileRef = 14E2A17F2C2B0AE700952E1B /* CarModelRecognitionUITests.swift */; };
		14E2A1822C2B0AE700952E1B /* CarModelRecognitionUITestsLaunchTests.swift in Sources */ = {isa = PBXBuildFile; fileRef = 14E2A1812C2B0AE700952E1B /* CarModelRecognitionUITestsLaunchTests.swift */; };
		14E2A18F2C2B0B6B00952E1B /* CarModelRecognitionView.swift in Sources */ = {isa = PBXBuildFile; fileRef = 14E2A18E2C2B0B6B00952E1B /* CarModelRecognitionView.swift */; };
		14E2A1912C2B0B7A00952E1B /* ResultView.swift in Sources */ = {isa = PBXBuildFile; fileRef = 14E2A1902C2B0B7A00952E1B /* ResultView.swift */; };
		14E2A1932C2B0B8700952E1B /* HomeView.swift in Sources */ = {isa = PBXBuildFile; fileRef = 14E2A1922C2B0B8700952E1B /* HomeView.swift */; };
		14E2A1952C2B0B9500952E1B /* InformationVIew.swift in Sources */ = {isa = PBXBuildFile; fileRef = 14E2A1942C2B0B9500952E1B /* InformationVIew.swift */; };
		14E2A1972C2B0BA600952E1B /* GalleryView.swift in Sources */ = {isa = PBXBuildFile; fileRef = 14E2A1962C2B0BA600952E1B /* GalleryView.swift */; };
		14E2A1992C2B0BCE00952E1B /* ImagePicker.swift in Sources */ = {isa = PBXBuildFile; fileRef = 14E2A1982C2B0BCE00952E1B /* ImagePicker.swift */; };
		14E2A19B2C2B0BEE00952E1B /* AuthView.swift in Sources */ = {isa = PBXBuildFile; fileRef = 14E2A19A2C2B0BEE00952E1B /* AuthView.swift */; };
		14E2A19D2C2B0C2C00952E1B /* FeedbackVIew.swift in Sources */ = {isa = PBXBuildFile; fileRef = 14E2A19C2C2B0C2C00952E1B /* FeedbackVIew.swift */; };
/* End PBXBuildFile section */

/* Begin PBXContainerItemProxy section */
		14E2A1722C2B0AE700952E1B /* PBXContainerItemProxy */ = {
			isa = PBXContainerItemProxy;
			containerPortal = 14E2A1592C2B0AE500952E1B /* Project object */;
			proxyType = 1;
			remoteGlobalIDString = 14E2A1602C2B0AE500952E1B;
			remoteInfo = CarModelRecognition;
		};
		14E2A17C2C2B0AE700952E1B /* PBXContainerItemProxy */ = {
			isa = PBXContainerItemProxy;
			containerPortal = 14E2A1592C2B0AE500952E1B /* Project object */;
			proxyType = 1;
			remoteGlobalIDString = 14E2A1602C2B0AE500952E1B;
			remoteInfo = CarModelRecognition;
		};
/* End PBXContainerItemProxy section */

/* Begin PBXFileReference section */
		14E2A1612C2B0AE500952E1B /* CarModelRecognition.app */ = {isa = PBXFileReference; explicitFileType = wrapper.application; includeInIndex = 0; path = CarModelRecognition.app; sourceTree = BUILT_PRODUCTS_DIR; };
		14E2A1642C2B0AE500952E1B /* CarModelRecognitionApp.swift */ = {isa = PBXFileReference; lastKnownFileType = sourcecode.swift; path = CarModelRecognitionApp.swift; sourceTree = "<group>"; };
		14E2A1662C2B0AE500952E1B /* ContentView.swift */ = {isa = PBXFileReference; lastKnownFileType = sourcecode.swift; path = ContentView.swift; sourceTree = "<group>"; };
		14E2A1682C2B0AE700952E1B /* Assets.xcassets */ = {isa = PBXFileReference; lastKnownFileType = folder.assetcatalog; path = Assets.xcassets; sourceTree = "<group>"; };
		14E2A16B2C2B0AE700952E1B /* Preview Assets.xcassets */ = {isa = PBXFileReference; lastKnownFileType = folder.assetcatalog; path = "Preview Assets.xcassets"; sourceTree = "<group>"; };
		14E2A1712C2B0AE700952E1B /* CarModelRecognitionTests.xctest */ = {isa = PBXFileReference; explicitFileType = wrapper.cfbundle; includeInIndex = 0; path = CarModelRecognitionTests.xctest; sourceTree = BUILT_PRODUCTS_DIR; };
		14E2A1752C2B0AE700952E1B /* CarModelRecognitionTests.swift */ = {isa = PBXFileReference; lastKnownFileType = sourcecode.swift; path = CarModelRecognitionTests.swift; sourceTree = "<group>"; };
		14E2A17B2C2B0AE700952E1B /* CarModelRecognitionUITests.xctest */ = {isa = PBXFileReference; explicitFileType = wrapper.cfbundle; includeInIndex = 0; path = CarModelRecognitionUITests.xctest; sourceTree = BUILT_PRODUCTS_DIR; };
		14E2A17F2C2B0AE700952E1B /* CarModelRecognitionUITests.swift */ = {isa = PBXFileReference; lastKnownFileType = sourcecode.swift; path = CarModelRecognitionUITests.swift; sourceTree = "<group>"; };
		14E2A1812C2B0AE700952E1B /* CarModelRecognitionUITestsLaunchTests.swift */ = {isa = PBXFileReference; lastKnownFileType = sourcecode.swift; path = CarModelRecognitionUITestsLaunchTests.swift; sourceTree = "<group>"; };
		14E2A18E2C2B0B6B00952E1B /* CarModelRecognitionView.swift */ = {isa = PBXFileReference; lastKnownFileType = sourcecode.swift; path = CarModelRecognitionView.swift; sourceTree = "<group>"; };
		14E2A1902C2B0B7A00952E1B /* ResultView.swift */ = {isa = PBXFileReference; lastKnownFileType = sourcecode.swift; path = ResultView.swift; sourceTree = "<group>"; };
		14E2A1922C2B0B8700952E1B /* HomeView.swift */ = {isa = PBXFileReference; lastKnownFileType = sourcecode.swift; path = HomeView.swift; sourceTree = "<group>"; };
		14E2A1942C2B0B9500952E1B /* InformationVIew.swift */ = {isa = PBXFileReference; lastKnownFileType = sourcecode.swift; path = InformationVIew.swift; sourceTree = "<group>"; };
		14E2A1962C2B0BA600952E1B /* GalleryView.swift */ = {isa = PBXFileReference; lastKnownFileType = sourcecode.swift; path = GalleryView.swift; sourceTree = "<group>"; };
		14E2A1982C2B0BCE00952E1B /* ImagePicker.swift */ = {isa = PBXFileReference; lastKnownFileType = sourcecode.swift; path = ImagePicker.swift; sourceTree = "<group>"; };
		14E2A19A2C2B0BEE00952E1B /* AuthView.swift */ = {isa = PBXFileReference; lastKnownFileType = sourcecode.swift; path = AuthView.swift; sourceTree = "<group>"; };
		14E2A19C2C2B0C2C00952E1B /* FeedbackVIew.swift */ = {isa = PBXFileReference; lastKnownFileType = sourcecode.swift; path = FeedbackVIew.swift; sourceTree = "<group>"; };
/* End PBXFileReference section */

/* Begin PBXFrameworksBuildPhase section */
		14E2A15E2C2B0AE500952E1B /* Frameworks */ = {
			isa = PBXFrameworksBuildPhase;
			buildActionMask = 2147483647;
			files = (
			);
			runOnlyForDeploymentPostprocessing = 0;
		};
		14E2A16E2C2B0AE700952E1B /* Frameworks */ = {
			isa = PBXFrameworksBuildPhase;
			buildActionMask = 2147483647;
			files = (
			);
			runOnlyForDeploymentPostprocessing = 0;
		};
		14E2A1782C2B0AE700952E1B /* Frameworks */ = {
			isa = PBXFrameworksBuildPhase;
			buildActionMask = 2147483647;
			files = (
			);
			runOnlyForDeploymentPostprocessing = 0;
		};
/* End PBXFrameworksBuildPhase section */

/* Begin PBXGroup section */
		14E2A1582C2B0AE500952E1B = {
			isa = PBXGroup;
			children = (
				14E2A1632C2B0AE500952E1B /* CarModelRecognition */,
				14E2A1742C2B0AE700952E1B /* CarModelRecognitionTests */,
				14E2A17E2C2B0AE700952E1B /* CarModelRecognitionUITests */,
				14E2A1622C2B0AE500952E1B /* Products */,
			);
			sourceTree = "<group>";
		};
		14E2A1622C2B0AE500952E1B /* Products */ = {
			isa = PBXGroup;
			children = (
				14E2A1612C2B0AE500952E1B /* CarModelRecognition.app */,
				14E2A1712C2B0AE700952E1B /* CarModelRecognitionTests.xctest */,
				14E2A17B2C2B0AE700952E1B /* CarModelRecognitionUITests.xctest */,
			);
			name = Products;
			sourceTree = "<group>";
		};
		14E2A1632C2B0AE500952E1B /* CarModelRecognition */ = {
			isa = PBXGroup;
			children = (
				14E2A1642C2B0AE500952E1B /* CarModelRecognitionApp.swift */,
				14E2A1662C2B0AE500952E1B /* ContentView.swift */,
				14E2A19C2C2B0C2C00952E1B /* FeedbackVIew.swift */,
				14E2A18E2C2B0B6B00952E1B /* CarModelRecognitionView.swift */,
				14E2A1902C2B0B7A00952E1B /* ResultView.swift */,
				14E2A1922C2B0B8700952E1B /* HomeView.swift */,
				14E2A1942C2B0B9500952E1B /* InformationVIew.swift */,
				14E2A1962C2B0BA600952E1B /* GalleryView.swift */,
				14E2A1982C2B0BCE00952E1B /* ImagePicker.swift */,
				14E2A19A2C2B0BEE00952E1B /* AuthView.swift */,
				14E2A1682C2B0AE700952E1B /* Assets.xcassets */,
				14E2A16A2C2B0AE700952E1B /* Preview Content */,
			);
			path = CarModelRecognition;
			sourceTree = "<group>";
		};
		14E2A16A2C2B0AE700952E1B /* Preview Content */ = {
			isa = PBXGroup;
			children = (
				14E2A16B2C2B0AE700952E1B /* Preview Assets.xcassets */,
			);
			path = "Preview Content";
			sourceTree = "<group>";
		};
		14E2A1742C2B0AE700952E1B /* CarModelRecognitionTests */ = {
			isa = PBXGroup;
			children = (
				14E2A1752C2B0AE700952E1B /* CarModelRecognitionTests.swift */,
			);
			path = CarModelRecognitionTests;
			sourceTree = "<group>";
		};
		14E2A17E2C2B0AE700952E1B /* CarModelRecognitionUITests */ = {
			isa = PBXGroup;
			children = (
				14E2A17F2C2B0AE700952E1B /* CarModelRecognitionUITests.swift */,
				14E2A1812C2B0AE700952E1B /* CarModelRecognitionUITestsLaunchTests.swift */,
			);
			path = CarModelRecognitionUITests;
			sourceTree = "<group>";
		};
/* End PBXGroup section */

/* Begin PBXNativeTarget section */
		14E2A1602C2B0AE500952E1B /* CarModelRecognition */ = {
			isa = PBXNativeTarget;
			buildConfigurationList = 14E2A1852C2B0AE700952E1B /* Build configuration list for PBXNativeTarget "CarModelRecognition" */;
			buildPhases = (
				14E2A15D2C2B0AE500952E1B /* Sources */,
				14E2A15E2C2B0AE500952E1B /* Frameworks */,
				14E2A15F2C2B0AE500952E1B /* Resources */,
			);
			buildRules = (
			);
			dependencies = (
			);
			name = CarModelRecognition;
			productName = CarModelRecognition;
			productReference = 14E2A1612C2B0AE500952E1B /* CarModelRecognition.app */;
			productType = "com.apple.product-type.application";
		};
		14E2A1702C2B0AE700952E1B /* CarModelRecognitionTests */ = {
			isa = PBXNativeTarget;
			buildConfigurationList = 14E2A1882C2B0AE700952E1B /* Build configuration list for PBXNativeTarget "CarModelRecognitionTests" */;
			buildPhases = (
				14E2A16D2C2B0AE700952E1B /* Sources */,
				14E2A16E2C2B0AE700952E1B /* Frameworks */,
				14E2A16F2C2B0AE700952E1B /* Resources */,
			);
			buildRules = (
			);
			dependencies = (
				14E2A1732C2B0AE700952E1B /* PBXTargetDependency */,
			);
			name = CarModelRecognitionTests;
			productName = CarModelRecognitionTests;
			productReference = 14E2A1712C2B0AE700952E1B /* CarModelRecognitionTests.xctest */;
			productType = "com.apple.product-type.bundle.unit-test";
		};
		14E2A17A2C2B0AE700952E1B /* CarModelRecognitionUITests */ = {
			isa = PBXNativeTarget;
			buildConfigurationList = 14E2A18B2C2B0AE700952E1B /* Build configuration list for PBXNativeTarget "CarModelRecognitionUITests" */;
			buildPhases = (
				14E2A1772C2B0AE700952E1B /* Sources */,
				14E2A1782C2B0AE700952E1B /* Frameworks */,
				14E2A1792C2B0AE700952E1B /* Resources */,
			);
			buildRules = (
			);
			dependencies = (
				14E2A17D2C2B0AE700952E1B /* PBXTargetDependency */,
			);
			name = CarModelRecognitionUITests;
			productName = CarModelRecognitionUITests;
			productReference = 14E2A17B2C2B0AE700952E1B /* CarModelRecognitionUITests.xctest */;
			productType = "com.apple.product-type.bundle.ui-testing";
		};
/* End PBXNativeTarget section */

/* Begin PBXProject section */
		14E2A1592C2B0AE500952E1B /* Project object */ = {
			isa = PBXProject;
			attributes = {
				BuildIndependentTargetsInParallel = 1;
				LastSwiftUpdateCheck = 1540;
				LastUpgradeCheck = 1540;
				TargetAttributes = {
					14E2A1602C2B0AE500952E1B = {
						CreatedOnToolsVersion = 15.4;
					};
					14E2A1702C2B0AE700952E1B = {
						CreatedOnToolsVersion = 15.4;
						TestTargetID = 14E2A1602C2B0AE500952E1B;
					};
					14E2A17A2C2B0AE700952E1B = {
						CreatedOnToolsVersion = 15.4;
						TestTargetID = 14E2A1602C2B0AE500952E1B;
					};
				};
			};
			buildConfigurationList = 14E2A15C2C2B0AE500952E1B /* Build configuration list for PBXProject "CarModelRecognition" */;
			compatibilityVersion = "Xcode 14.0";
			developmentRegion = en;
			hasScannedForEncodings = 0;
			knownRegions = (
				en,
				Base,
			);
			mainGroup = 14E2A1582C2B0AE500952E1B;
			productRefGroup = 14E2A1622C2B0AE500952E1B /* Products */;
			projectDirPath = "";
			projectRoot = "";
			targets = (
				14E2A1602C2B0AE500952E1B /* CarModelRecognition */,
				14E2A1702C2B0AE700952E1B /* CarModelRecognitionTests */,
				14E2A17A2C2B0AE700952E1B /* CarModelRecognitionUITests */,
			);
		};
/* End PBXProject section */

/* Begin PBXResourcesBuildPhase section */
		14E2A15F2C2B0AE500952E1B /* Resources */ = {
			isa = PBXResourcesBuildPhase;
			buildActionMask = 2147483647;
			files = (
				14E2A16C2C2B0AE700952E1B /* Preview Assets.xcassets in Resources */,
				14E2A1692C2B0AE700952E1B /* Assets.xcassets in Resources */,
			);
			runOnlyForDeploymentPostprocessing = 0;
		};
		14E2A16F2C2B0AE700952E1B /* Resources */ = {
			isa = PBXResourcesBuildPhase;
			buildActionMask = 2147483647;
			files = (
			);
			runOnlyForDeploymentPostprocessing = 0;
		};
		14E2A1792C2B0AE700952E1B /* Resources */ = {
			isa = PBXResourcesBuildPhase;
			buildActionMask = 2147483647;
			files = (
			);
			runOnlyForDeploymentPostprocessing = 0;
		};
/* End PBXResourcesBuildPhase section */

/* Begin PBXSourcesBuildPhase section */
		14E2A15D2C2B0AE500952E1B /* Sources */ = {
			isa = PBXSourcesBuildPhase;
			buildActionMask = 2147483647;
			files = (
				14E2A1972C2B0BA600952E1B /* GalleryView.swift in Sources */,
				14E2A1672C2B0AE500952E1B /* ContentView.swift in Sources */,
				14E2A1912C2B0B7A00952E1B /* ResultView.swift in Sources */,
				14E2A18F2C2B0B6B00952E1B /* CarModelRecognitionView.swift in Sources */,
				14E2A1932C2B0B8700952E1B /* HomeView.swift in Sources */,
				14E2A19D2C2B0C2C00952E1B /* FeedbackVIew.swift in Sources */,
				14E2A1992C2B0BCE00952E1B /* ImagePicker.swift in Sources */,
				14E2A1652C2B0AE500952E1B /* CarModelRecognitionApp.swift in Sources */,
				14E2A1952C2B0B9500952E1B /* InformationVIew.swift in Sources */,
				14E2A19B2C2B0BEE00952E1B /* AuthView.swift in Sources */,
			);
			runOnlyForDeploymentPostprocessing = 0;
		};
		14E2A16D2C2B0AE700952E1B /* Sources */ = {
			isa = PBXSourcesBuildPhase;
			buildActionMask = 2147483647;
			files = (
				14E2A1762C2B0AE700952E1B /* CarModelRecognitionTests.swift in Sources */,
			);
			runOnlyForDeploymentPostprocessing = 0;
		};
		14E2A1772C2B0AE700952E1B /* Sources */ = {
			isa = PBXSourcesBuildPhase;
			buildActionMask = 2147483647;
			files = (
				14E2A1802C2B0AE700952E1B /* CarModelRecognitionUITests.swift in Sources */,
				14E2A1822C2B0AE700952E1B /* CarModelRecognitionUITestsLaunchTests.swift in Sources */,
			);
			runOnlyForDeploymentPostprocessing = 0;
		};
/* End PBXSourcesBuildPhase section */

/* Begin PBXTargetDependency section */
		14E2A1732C2B0AE700952E1B /* PBXTargetDependency */ = {
			isa = PBXTargetDependency;
			target = 14E2A1602C2B0AE500952E1B /* CarModelRecognition */;
			targetProxy = 14E2A1722C2B0AE700952E1B /* PBXContainerItemProxy */;
		};
		14E2A17D2C2B0AE700952E1B /* PBXTargetDependency */ = {
			isa = PBXTargetDependency;
			target = 14E2A1602C2B0AE500952E1B /* CarModelRecognition */;
			targetProxy = 14E2A17C2C2B0AE700952E1B /* PBXContainerItemProxy */;
		};
/* End PBXTargetDependency section */

/* Begin XCBuildConfiguration section */
		14E2A1832C2B0AE700952E1B /* Debug */ = {
			isa = XCBuildConfiguration;
			buildSettings = {
				ALWAYS_SEARCH_USER_PATHS = NO;
				ASSETCATALOG_COMPILER_GENERATE_SWIFT_ASSET_SYMBOL_EXTENSIONS = YES;
				CLANG_ANALYZER_NONNULL = YES;
				CLANG_ANALYZER_NUMBER_OBJECT_CONVERSION = YES_AGGRESSIVE;
				CLANG_CXX_LANGUAGE_STANDARD = "gnu++20";
				CLANG_ENABLE_MODULES = YES;
				CLANG_ENABLE_OBJC_ARC = YES;
				CLANG_ENABLE_OBJC_WEAK = YES;
				CLANG_WARN_BLOCK_CAPTURE_AUTORELEASING = YES;
				CLANG_WARN_BOOL_CONVERSION = YES;
				CLANG_WARN_COMMA = YES;
				CLANG_WARN_CONSTANT_CONVERSION = YES;
				CLANG_WARN_DEPRECATED_OBJC_IMPLEMENTATIONS = YES;
				CLANG_WARN_DIRECT_OBJC_ISA_USAGE = YES_ERROR;
				CLANG_WARN_DOCUMENTATION_COMMENTS = YES;
				CLANG_WARN_EMPTY_BODY = YES;
				CLANG_WARN_ENUM_CONVERSION = YES;
				CLANG_WARN_INFINITE_RECURSION = YES;
				CLANG_WARN_INT_CONVERSION = YES;
				CLANG_WARN_NON_LITERAL_NULL_CONVERSION = YES;
				CLANG_WARN_OBJC_IMPLICIT_RETAIN_SELF = YES;
				CLANG_WARN_OBJC_LITERAL_CONVERSION = YES;
				CLANG_WARN_OBJC_ROOT_CLASS = YES_ERROR;
				CLANG_WARN_QUOTED_INCLUDE_IN_FRAMEWORK_HEADER = YES;
				CLANG_WARN_RANGE_LOOP_ANALYSIS = YES;
				CLANG_WARN_STRICT_PROTOTYPES = YES;
				CLANG_WARN_SUSPICIOUS_MOVE = YES;
				CLANG_WARN_UNGUARDED_AVAILABILITY = YES_AGGRESSIVE;
				CLANG_WARN_UNREACHABLE_CODE = YES;
				CLANG_WARN__DUPLICATE_METHOD_MATCH = YES;
				COPY_PHASE_STRIP = NO;
				DEBUG_INFORMATION_FORMAT = dwarf;
				ENABLE_STRICT_OBJC_MSGSEND = YES;
				ENABLE_TESTABILITY = YES;
				ENABLE_USER_SCRIPT_SANDBOXING = YES;
				GCC_C_LANGUAGE_STANDARD = gnu17;
				GCC_DYNAMIC_NO_PIC = NO;
				GCC_NO_COMMON_BLOCKS = YES;
				GCC_OPTIMIZATION_LEVEL = 0;
				GCC_PREPROCESSOR_DEFINITIONS = (
					"DEBUG=1",
					"$(inherited)",
				);
				GCC_WARN_64_TO_32_BIT_CONVERSION = YES;
				GCC_WARN_ABOUT_RETURN_TYPE = YES_ERROR;
				GCC_WARN_UNDECLARED_SELECTOR = YES;
				GCC_WARN_UNINITIALIZED_AUTOS = YES_AGGRESSIVE;
				GCC_WARN_UNUSED_FUNCTION = YES;
				GCC_WARN_UNUSED_VARIABLE = YES;
				IPHONEOS_DEPLOYMENT_TARGET = 17.5;
				LOCALIZATION_PREFERS_STRING_CATALOGS = YES;
				MTL_ENABLE_DEBUG_INFO = INCLUDE_SOURCE;
				MTL_FAST_MATH = YES;
				ONLY_ACTIVE_ARCH = YES;
				SDKROOT = iphoneos;
				SWIFT_ACTIVE_COMPILATION_CONDITIONS = "DEBUG $(inherited)";
				SWIFT_OPTIMIZATION_LEVEL = "-Onone";
			};
			name = Debug;
		};
		14E2A1842C2B0AE700952E1B /* Release */ = {
			isa = XCBuildConfiguration;
			buildSettings = {
				ALWAYS_SEARCH_USER_PATHS = NO;
				ASSETCATALOG_COMPILER_GENERATE_SWIFT_ASSET_SYMBOL_EXTENSIONS = YES;
				CLANG_ANALYZER_NONNULL = YES;
				CLANG_ANALYZER_NUMBER_OBJECT_CONVERSION = YES_AGGRESSIVE;
				CLANG_CXX_LANGUAGE_STANDARD = "gnu++20";
				CLANG_ENABLE_MODULES = YES;
				CLANG_ENABLE_OBJC_ARC = YES;
				CLANG_ENABLE_OBJC_WEAK = YES;
				CLANG_WARN_BLOCK_CAPTURE_AUTORELEASING = YES;
				CLANG_WARN_BOOL_CONVERSION = YES;
				CLANG_WARN_COMMA = YES;
				CLANG_WARN_CONSTANT_CONVERSION = YES;
				CLANG_WARN_DEPRECATED_OBJC_IMPLEMENTATIONS = YES;
				CLANG_WARN_DIRECT_OBJC_ISA_USAGE = YES_ERROR;
				CLANG_WARN_DOCUMENTATION_COMMENTS = YES;
				CLANG_WARN_EMPTY_BODY = YES;
				CLANG_WARN_ENUM_CONVERSION = YES;
				CLANG_WARN_INFINITE_RECURSION = YES;
				CLANG_WARN_INT_CONVERSION = YES;
				CLANG_WARN_NON_LITERAL_NULL_CONVERSION = YES;
				CLANG_WARN_OBJC_IMPLICIT_RETAIN_SELF = YES;
				CLANG_WARN_OBJC_LITERAL_CONVERSION = YES;
				CLANG_WARN_OBJC_ROOT_CLASS = YES_ERROR;
				CLANG_WARN_QUOTED_INCLUDE_IN_FRAMEWORK_HEADER = YES;
				CLANG_WARN_RANGE_LOOP_ANALYSIS = YES;
				CLANG_WARN_STRICT_PROTOTYPES = YES;
				CLANG_WARN_SUSPICIOUS_MOVE = YES;
				CLANG_WARN_UNGUARDED_AVAILABILITY = YES_AGGRESSIVE;
				CLANG_WARN_UNREACHABLE_CODE = YES;
				CLANG_WARN__DUPLICATE_METHOD_MATCH = YES;
				COPY_PHASE_STRIP = NO;
				DEBUG_INFORMATION_FORMAT = "dwarf-with-dsym";
				ENABLE_NS_ASSERTIONS = NO;
				ENABLE_STRICT_OBJC_MSGSEND = YES;
				ENABLE_USER_SCRIPT_SANDBOXING = YES;
				GCC_C_LANGUAGE_STANDARD = gnu17;
				GCC_NO_COMMON_BLOCKS = YES;
				GCC_WARN_64_TO_32_BIT_CONVERSION = YES;
				GCC_WARN_ABOUT_RETURN_TYPE = YES_ERROR;
				GCC_WARN_UNDECLARED_SELECTOR = YES;
				GCC_WARN_UNINITIALIZED_AUTOS = YES_AGGRESSIVE;
				GCC_WARN_UNUSED_FUNCTION = YES;
				GCC_WARN_UNUSED_VARIABLE = YES;
				IPHONEOS_DEPLOYMENT_TARGET = 17.5;
				LOCALIZATION_PREFERS_STRING_CATALOGS = YES;
				MTL_ENABLE_DEBUG_INFO = NO;
				MTL_FAST_MATH = YES;
				SDKROOT = iphoneos;
				SWIFT_COMPILATION_MODE = wholemodule;
				VALIDATE_PRODUCT = YES;
			};
			name = Release;
		};
		14E2A1862C2B0AE700952E1B /* Debug */ = {
			isa = XCBuildConfiguration;
			buildSettings = {
				ASSETCATALOG_COMPILER_APPICON_NAME = AppIcon;
				ASSETCATALOG_COMPILER_GLOBAL_ACCENT_COLOR_NAME = AccentColor;
				CODE_SIGN_STYLE = Automatic;
				CURRENT_PROJECT_VERSION = 1;
				DEVELOPMENT_ASSET_PATHS = "\"CarModelRecognition/Preview Content\"";
				DEVELOPMENT_TEAM = UAZ54BGA72;
				ENABLE_PREVIEWS = YES;
				GENERATE_INFOPLIST_FILE = YES;
				INFOPLIST_FILE = "";
				INFOPLIST_KEY_CFBundleDisplayName = AutoVision;
				INFOPLIST_KEY_LSApplicationCategoryType = "public.app-category.lifestyle";
				INFOPLIST_KEY_UIApplicationSceneManifest_Generation = YES;
				INFOPLIST_KEY_UIApplicationSupportsIndirectInputEvents = YES;
				INFOPLIST_KEY_UILaunchScreen_Generation = YES;
				INFOPLIST_KEY_UIStatusBarStyle = "";
				INFOPLIST_KEY_UISupportedInterfaceOrientations_iPad = "UIInterfaceOrientationPortrait UIInterfaceOrientationPortraitUpsideDown UIInterfaceOrientationLandscapeLeft UIInterfaceOrientationLandscapeRight";
				INFOPLIST_KEY_UISupportedInterfaceOrientations_iPhone = "UIInterfaceOrientationPortrait UIInterfaceOrientationLandscapeLeft UIInterfaceOrientationLandscapeRight";
				LD_RUNPATH_SEARCH_PATHS = (
					"$(inherited)",
					"@executable_path/Frameworks",
				);
				MARKETING_VERSION = 1.0;
				PRODUCT_BUNDLE_IDENTIFIER = MLProject.CarModelRecognition;
				PRODUCT_NAME = "$(TARGET_NAME)";
				SWIFT_EMIT_LOC_STRINGS = YES;
				SWIFT_VERSION = 5.0;
				TARGETED_DEVICE_FAMILY = "1,2";
			};
			name = Debug;
		};
		14E2A1872C2B0AE700952E1B /* Release */ = {
			isa = XCBuildConfiguration;
			buildSettings = {
				ASSETCATALOG_COMPILER_APPICON_NAME = AppIcon;
				ASSETCATALOG_COMPILER_GLOBAL_ACCENT_COLOR_NAME = AccentColor;
				CODE_SIGN_STYLE = Automatic;
				CURRENT_PROJECT_VERSION = 1;
				DEVELOPMENT_ASSET_PATHS = "\"CarModelRecognition/Preview Content\"";
				DEVELOPMENT_TEAM = UAZ54BGA72;
				ENABLE_PREVIEWS = YES;
				GENERATE_INFOPLIST_FILE = YES;
				INFOPLIST_FILE = "";
				INFOPLIST_KEY_CFBundleDisplayName = AutoVision;
				INFOPLIST_KEY_LSApplicationCategoryType = "public.app-category.lifestyle";
				INFOPLIST_KEY_UIApplicationSceneManifest_Generation = YES;
				INFOPLIST_KEY_UIApplicationSupportsIndirectInputEvents = YES;
				INFOPLIST_KEY_UILaunchScreen_Generation = YES;
				INFOPLIST_KEY_UIStatusBarStyle = "";
				INFOPLIST_KEY_UISupportedInterfaceOrientations_iPad = "UIInterfaceOrientationPortrait UIInterfaceOrientationPortraitUpsideDown UIInterfaceOrientationLandscapeLeft UIInterfaceOrientationLandscapeRight";
				INFOPLIST_KEY_UISupportedInterfaceOrientations_iPhone = "UIInterfaceOrientationPortrait UIInterfaceOrientationLandscapeLeft UIInterfaceOrientationLandscapeRight";
				LD_RUNPATH_SEARCH_PATHS = (
					"$(inherited)",
					"@executable_path/Frameworks",
				);
				MARKETING_VERSION = 1.0;
				PRODUCT_BUNDLE_IDENTIFIER = MLProject.CarModelRecognition;
				PRODUCT_NAME = "$(TARGET_NAME)";
				SWIFT_EMIT_LOC_STRINGS = YES;
				SWIFT_VERSION = 5.0;
				TARGETED_DEVICE_FAMILY = "1,2";
			};
			name = Release;
		};
		14E2A1892C2B0AE700952E1B /* Debug */ = {
			isa = XCBuildConfiguration;
			buildSettings = {
				ALWAYS_EMBED_SWIFT_STANDARD_LIBRARIES = YES;
				BUNDLE_LOADER = "$(TEST_HOST)";
				CODE_SIGN_STYLE = Automatic;
				CURRENT_PROJECT_VERSION = 1;
				DEVELOPMENT_TEAM = UAZ54BGA72;
				GENERATE_INFOPLIST_FILE = YES;
				IPHONEOS_DEPLOYMENT_TARGET = 17.5;
				MARKETING_VERSION = 1.0;
				PRODUCT_BUNDLE_IDENTIFIER = MLProject.CarModelRecognitionTests;
				PRODUCT_NAME = "$(TARGET_NAME)";
				SWIFT_EMIT_LOC_STRINGS = NO;
				SWIFT_VERSION = 5.0;
				TARGETED_DEVICE_FAMILY = "1,2";
				TEST_HOST = "$(BUILT_PRODUCTS_DIR)/CarModelRecognition.app/$(BUNDLE_EXECUTABLE_FOLDER_PATH)/CarModelRecognition";
			};
			name = Debug;
		};
		14E2A18A2C2B0AE700952E1B /* Release */ = {
			isa = XCBuildConfiguration;
			buildSettings = {
				ALWAYS_EMBED_SWIFT_STANDARD_LIBRARIES = YES;
				BUNDLE_LOADER = "$(TEST_HOST)";
				CODE_SIGN_STYLE = Automatic;
				CURRENT_PROJECT_VERSION = 1;
				DEVELOPMENT_TEAM = UAZ54BGA72;
				GENERATE_INFOPLIST_FILE = YES;
				IPHONEOS_DEPLOYMENT_TARGET = 17.5;
				MARKETING_VERSION = 1.0;
				PRODUCT_BUNDLE_IDENTIFIER = MLProject.CarModelRecognitionTests;
				PRODUCT_NAME = "$(TARGET_NAME)";
				SWIFT_EMIT_LOC_STRINGS = NO;
				SWIFT_VERSION = 5.0;
				TARGETED_DEVICE_FAMILY = "1,2";
				TEST_HOST = "$(BUILT_PRODUCTS_DIR)/CarModelRecognition.app/$(BUNDLE_EXECUTABLE_FOLDER_PATH)/CarModelRecognition";
			};
			name = Release;
		};
		14E2A18C2C2B0AE700952E1B /* Debug */ = {
			isa = XCBuildConfiguration;
			buildSettings = {
				ALWAYS_EMBED_SWIFT_STANDARD_LIBRARIES = YES;
				CODE_SIGN_STYLE = Automatic;
				CURRENT_PROJECT_VERSION = 1;
				DEVELOPMENT_TEAM = UAZ54BGA72;
				GENERATE_INFOPLIST_FILE = YES;
				MARKETING_VERSION = 1.0;
				PRODUCT_BUNDLE_IDENTIFIER = MLProject.CarModelRecognitionUITests;
				PRODUCT_NAME = "$(TARGET_NAME)";
				SWIFT_EMIT_LOC_STRINGS = NO;
				SWIFT_VERSION = 5.0;
				TARGETED_DEVICE_FAMILY = "1,2";
				TEST_TARGET_NAME = CarModelRecognition;
			};
			name = Debug;
		};
		14E2A18D2C2B0AE700952E1B /* Release */ = {
			isa = XCBuildConfiguration;
			buildSettings = {
				ALWAYS_EMBED_SWIFT_STANDARD_LIBRARIES = YES;
				CODE_SIGN_STYLE = Automatic;
				CURRENT_PROJECT_VERSION = 1;
				DEVELOPMENT_TEAM = UAZ54BGA72;
				GENERATE_INFOPLIST_FILE = YES;
				MARKETING_VERSION = 1.0;
				PRODUCT_BUNDLE_IDENTIFIER = MLProject.CarModelRecognitionUITests;
				PRODUCT_NAME = "$(TARGET_NAME)";
				SWIFT_EMIT_LOC_STRINGS = NO;
				SWIFT_VERSION = 5.0;
				TARGETED_DEVICE_FAMILY = "1,2";
				TEST_TARGET_NAME = CarModelRecognition;
			};
			name = Release;
		};
/* End XCBuildConfiguration section */

/* Begin XCConfigurationList section */
		14E2A15C2C2B0AE500952E1B /* Build configuration list for PBXProject "CarModelRecognition" */ = {
			isa = XCConfigurationList;
			buildConfigurations = (
				14E2A1832C2B0AE700952E1B /* Debug */,
				14E2A1842C2B0AE700952E1B /* Release */,
			);
			defaultConfigurationIsVisible = 0;
			defaultConfigurationName = Release;
		};
		14E2A1852C2B0AE700952E1B /* Build configuration list for PBXNativeTarget "CarModelRecognition" */ = {
			isa = XCConfigurationList;
			buildConfigurations = (
				14E2A1862C2B0AE700952E1B /* Debug */,
				14E2A1872C2B0AE700952E1B /* Release */,
			);
			defaultConfigurationIsVisible = 0;
			defaultConfigurationName = Release;
		};
		14E2A1882C2B0AE700952E1B /* Build configuration list for PBXNativeTarget "CarModelRecognitionTests" */ = {
			isa = XCConfigurationList;
			buildConfigurations = (
				14E2A1892C2B0AE700952E1B /* Debug */,
				14E2A18A2C2B0AE700952E1B /* Release */,
			);
			defaultConfigurationIsVisible = 0;
			defaultConfigurationName = Release;
		};
		14E2A18B2C2B0AE700952E1B /* Build configuration list for PBXNativeTarget "CarModelRecognitionUITests" */ = {
			isa = XCConfigurationList;
			buildConfigurations = (
				14E2A18C2C2B0AE700952E1B /* Debug */,
				14E2A18D2C2B0AE700952E1B /* Release */,
			);
			defaultConfigurationIsVisible = 0;
			defaultConfigurationName = Release;
		};
/* End XCConfigurationList section */
	};
	rootObject = 14E2A1592C2B0AE500952E1B /* Project object */;
}
